
Microsoft Visual Studio Solution File, Format Version 12.00
# Visual Studio Version 17
VisualStudioVersion = 17.13.35825.156 d17.13
MinimumVisualStudioVersion = 10.0.40219.1
Project("{FAE04EC0-301F-11D3-BF4B-00C04F79EFBC}") = "JETC20250326.AppWebVC", "JETC20250326.AppWebVC\JETC20250326.AppWebVC.csproj", "{2A8E6F37-EAEE-4D8A-8DC8-B7A70A1BD9B1}"
EndProject
Global
	GlobalSection(SolutionConfigurationPlatforms) = preSolution
		Debug|Any CPU = Debug|Any CPU
		Release|Any CPU = Release|Any CPU
	EndGlobalSection
	GlobalSection(ProjectConfigurationPlatforms) = postSolution
		{2A8E6F37-EAEE-4D8A-8DC8-B7A70A1BD9B1}.Debug|Any CPU.ActiveCfg = Debug|Any CPU
		{2A8E6F37-EAEE-4D8A-8DC8-B7A70A1BD9B1}.Debug|Any CPU.Build.0 = Debug|Any CPU
		{2A8E6F37-EAEE-4D8A-8DC8-B7A70A1BD9B1}.Release|Any CPU.ActiveCfg = Release|Any CPU
		{2A8E6F37-EAEE-4D8A-8DC8-B7A70A1BD9B1}.Release|Any CPU.Build.0 = Release|Any CPU
	EndGlobalSection
	GlobalSection(SolutionProperties) = preSolution
		HideSolutionNode = FALSE
	EndGlobalSection
	GlobalSection(ExtensibilityGlobals) = postSolution
		SolutionGuid = {06C31D86-2D88-439A-9B56-74BD35A185C1}
	EndGlobalSection
EndGlobal
